
Microsoft Visual Studio Solution File, Format Version 12.00
Project("{FAE04EC0-301F-11D3-BF4B-00C04F79EFBC}") = "Chat", "Chat\Chat.csproj", "{569F9AC8-B340-4666-BABA-E1FC2B38226A}"
EndProject
Project("{2150E333-8FDC-42A3-9474-1A3956D46DE8}") = "Solution Items", "Solution Items", "{703543F7-4B9B-4BF6-87CB-730F58B00AE6}"
	ProjectSection(SolutionItems) = preProject
		docker-compose.yaml = docker-compose.yaml
	EndProjectSection
EndProject
Project("{FAE04EC0-301F-11D3-BF4B-00C04F79EFBC}") = "Persistence", "Persistence\Persistence.csproj", "{046A4A59-DF57-416A-9EDB-7021F4C1074E}"
EndProject
Global
	GlobalSection(SolutionConfigurationPlatforms) = preSolution
		Debug|Any CPU = Debug|Any CPU
		Release|Any CPU = Release|Any CPU
	EndGlobalSection
	GlobalSection(ProjectConfigurationPlatforms) = postSolution
		{569F9AC8-B340-4666-BABA-E1FC2B38226A}.Debug|Any CPU.ActiveCfg = Debug|Any CPU
		{569F9AC8-B340-4666-BABA-E1FC2B38226A}.Debug|Any CPU.Build.0 = Debug|Any CPU
		{569F9AC8-B340-4666-BABA-E1FC2B38226A}.Release|Any CPU.ActiveCfg = Release|Any CPU
		{569F9AC8-B340-4666-BABA-E1FC2B38226A}.Release|Any CPU.Build.0 = Release|Any CPU
		{046A4A59-DF57-416A-9EDB-7021F4C1074E}.Debug|Any CPU.ActiveCfg = Debug|Any CPU
		{046A4A59-DF57-416A-9EDB-7021F4C1074E}.Debug|Any CPU.Build.0 = Debug|Any CPU
		{046A4A59-DF57-416A-9EDB-7021F4C1074E}.Release|Any CPU.ActiveCfg = Release|Any CPU
		{046A4A59-DF57-416A-9EDB-7021F4C1074E}.Release|Any CPU.Build.0 = Release|Any CPU
	EndGlobalSection
EndGlobal
